
Microsoft Visual Studio Solution File, Format Version 12.00
# Visual Studio Version 16
VisualStudioVersion = 16.0.31911.196
MinimumVisualStudioVersion = 10.0.40219.1
Project("{FAE04EC0-301F-11D3-BF4B-00C04F79EFBC}") = "StoreAsp", "StoreAsp\StoreAsp.csproj", "{367FE1C2-9333-4CF0-B720-44C6DC1C349F}"
EndProject
Global
	GlobalSection(SolutionConfigurationPlatforms) = preSolution
		Debug|Any CPU = Debug|Any CPU
		Release|Any CPU = Release|Any CPU
	EndGlobalSection
	GlobalSection(ProjectConfigurationPlatforms) = postSolution
		{367FE1C2-9333-4CF0-B720-44C6DC1C349F}.Debug|Any CPU.ActiveCfg = Debug|Any CPU
		{367FE1C2-9333-4CF0-B720-44C6DC1C349F}.Debug|Any CPU.Build.0 = Debug|Any CPU
		{367FE1C2-9333-4CF0-B720-44C6DC1C349F}.Release|Any CPU.ActiveCfg = Release|Any CPU
		{367FE1C2-9333-4CF0-B720-44C6DC1C349F}.Release|Any CPU.Build.0 = Release|Any CPU
	EndGlobalSection
	GlobalSection(SolutionProperties) = preSolution
		HideSolutionNode = FALSE
	EndGlobalSection
	GlobalSection(ExtensibilityGlobals) = postSolution
		SolutionGuid = {0ACA4E7C-20A4-45E0-8E26-6BA07DDE2D5B}
	EndGlobalSection
EndGlobal
